
Microsoft Visual Studio Solution File, Format Version 12.00
# Visual Studio 14
VisualStudioVersion = 14.0.22823.1
MinimumVisualStudioVersion = 10.0.40219.1
Project("{FAE04EC0-301F-11D3-BF4B-00C04F79EFBC}") = "XamDataGridSample", "XamDataGridSample\XamDataGridSample\XamDataGridSample.csproj", "{1758DA1A-984C-4D5C-9701-FF5932F64F49}"
EndProject
Project("{FAE04EC0-301F-11D3-BF4B-00C04F79EFBC}") = "XamDataGridSample.iOS", "XamDataGridSample\XamDataGridSample.iOS\XamDataGridSample.iOS.csproj", "{BBB62B95-F1E7-4BFC-A728-E00460B4F666}"
EndProject
Project("{FAE04EC0-301F-11D3-BF4B-00C04F79EFBC}") = "XamDataGridSample.Droid", "XamDataGridSample\XamDataGridSample.Droid\XamDataGridSample.Droid.csproj", "{76492BCB-3BD8-4FB2-B5E5-78271600C97E}"
EndProject
Project("{FAE04EC0-301F-11D3-BF4B-00C04F79EFBC}") = "XamDataGridSample.WinPhone", "XamDataGridSample\XamDataGridSample.WinPhone\XamDataGridSample.WinPhone.csproj", "{5FF40BC1-01ED-4A59-9D70-2A8737EC1D1C}"
EndProject
Global
	GlobalSection(SolutionConfigurationPlatforms) = preSolution
		Ad-Hoc|Any CPU = Ad-Hoc|Any CPU
		Ad-Hoc|ARM = Ad-Hoc|ARM
		Ad-Hoc|iPhone = Ad-Hoc|iPhone
		Ad-Hoc|iPhoneSimulator = Ad-Hoc|iPhoneSimulator
		Ad-Hoc|x86 = Ad-Hoc|x86
		AppStore|Any CPU = AppStore|Any CPU
		AppStore|ARM = AppStore|ARM
		AppStore|iPhone = AppStore|iPhone
		AppStore|iPhoneSimulator = AppStore|iPhoneSimulator
		AppStore|x86 = AppStore|x86
		Debug|Any CPU = Debug|Any CPU
		Debug|ARM = Debug|ARM
		Debug|iPhone = Debug|iPhone
		Debug|iPhoneSimulator = Debug|iPhoneSimulator
		Debug|x86 = Debug|x86
		Release|Any CPU = Release|Any CPU
		Release|ARM = Release|ARM
		Release|iPhone = Release|iPhone
		Release|iPhoneSimulator = Release|iPhoneSimulator
		Release|x86 = Release|x86
	EndGlobalSection
	GlobalSection(ProjectConfigurationPlatforms) = postSolution
		{1758DA1A-984C-4D5C-9701-FF5932F64F49}.Ad-Hoc|Any CPU.ActiveCfg = Release|Any CPU
		{1758DA1A-984C-4D5C-9701-FF5932F64F49}.Ad-Hoc|Any CPU.Build.0 = Release|Any CPU
		{1758DA1A-984C-4D5C-9701-FF5932F64F49}.Ad-Hoc|ARM.ActiveCfg = Release|Any CPU
		{1758DA1A-984C-4D5C-9701-FF5932F64F49}.Ad-Hoc|ARM.Build.0 = Release|Any CPU
		{1758DA1A-984C-4D5C-9701-FF5932F64F49}.Ad-Hoc|iPhone.ActiveCfg = Release|Any CPU
		{1758DA1A-984C-4D5C-9701-FF5932F64F49}.Ad-Hoc|iPhone.Build.0 = Release|Any CPU
		{1758DA1A-984C-4D5C-9701-FF5932F64F49}.Ad-Hoc|iPhoneSimulator.ActiveCfg = Release|Any CPU
		{1758DA1A-984C-4D5C-9701-FF5932F64F49}.Ad-Hoc|iPhoneSimulator.Build.0 = Release|Any CPU
		{1758DA1A-984C-4D5C-9701-FF5932F64F49}.Ad-Hoc|x86.ActiveCfg = Release|Any CPU
		{1758DA1A-984C-4D5C-9701-FF5932F64F49}.Ad-Hoc|x86.Build.0 = Release|Any CPU
		{1758DA1A-984C-4D5C-9701-FF5932F64F49}.AppStore|Any CPU.ActiveCfg = Release|Any CPU
		{1758DA1A-984C-4D5C-9701-FF5932F64F49}.AppStore|Any CPU.Build.0 = Release|Any CPU
		{1758DA1A-984C-4D5C-9701-FF5932F64F49}.AppStore|ARM.ActiveCfg = Release|Any CPU
		{1758DA1A-984C-4D5C-9701-FF5932F64F49}.AppStore|ARM.Build.0 = Release|Any CPU
		{1758DA1A-984C-4D5C-9701-FF5932F64F49}.AppStore|iPhone.ActiveCfg = Release|Any CPU
		{1758DA1A-984C-4D5C-9701-FF5932F64F49}.AppStore|iPhone.Build.0 = Release|Any CPU
		{1758DA1A-984C-4D5C-9701-FF5932F64F49}.AppStore|iPhoneSimulator.ActiveCfg = Release|Any CPU
		{1758DA1A-984C-4D5C-9701-FF5932F64F49}.AppStore|iPhoneSimulator.Build.0 = Release|Any CPU
		{1758DA1A-984C-4D5C-9701-FF5932F64F49}.AppStore|x86.ActiveCfg = Release|Any CPU
		{1758DA1A-984C-4D5C-9701-FF5932F64F49}.AppStore|x86.Build.0 = Release|Any CPU
		{1758DA1A-984C-4D5C-9701-FF5932F64F49}.Debug|Any CPU.ActiveCfg = Debug|Any CPU
		{1758DA1A-984C-4D5C-9701-FF5932F64F49}.Debug|Any CPU.Build.0 = Debug|Any CPU
		{1758DA1A-984C-4D5C-9701-FF5932F64F49}.Debug|ARM.ActiveCfg = Debug|Any CPU
		{1758DA1A-984C-4D5C-9701-FF5932F64F49}.Debug|ARM.Build.0 = Debug|Any CPU
		{1758DA1A-984C-4D5C-9701-FF5932F64F49}.Debug|iPhone.ActiveCfg = Debug|Any CPU
		{1758DA1A-984C-4D5C-9701-FF5932F64F49}.Debug|iPhone.Build.0 = Debug|Any CPU
		{1758DA1A-984C-4D5C-9701-FF5932F64F49}.Debug|iPhoneSimulator.ActiveCfg = Debug|Any CPU
		{1758DA1A-984C-4D5C-9701-FF5932F64F49}.Debug|iPhoneSimulator.Build.0 = Debug|Any CPU
		{1758DA1A-984C-4D5C-9701-FF5932F64F49}.Debug|x86.ActiveCfg = Debug|Any CPU
		{1758DA1A-984C-4D5C-9701-FF5932F64F49}.Debug|x86.Build.0 = Debug|Any CPU
		{1758DA1A-984C-4D5C-9701-FF5932F64F49}.Release|Any CPU.ActiveCfg = Release|Any CPU
		{1758DA1A-984C-4D5C-9701-FF5932F64F49}.Release|Any CPU.Build.0 = Release|Any CPU
		{1758DA1A-984C-4D5C-9701-FF5932F64F49}.Release|ARM.ActiveCfg = Release|Any CPU
		{1758DA1A-984C-4D5C-9701-FF5932F64F49}.Release|ARM.Build.0 = Release|Any CPU
		{1758DA1A-984C-4D5C-9701-FF5932F64F49}.Release|iPhone.ActiveCfg = Release|Any CPU
		{1758DA1A-984C-4D5C-9701-FF5932F64F49}.Release|iPhone.Build.0 = Release|Any CPU
		{1758DA1A-984C-4D5C-9701-FF5932F64F49}.Release|iPhoneSimulator.ActiveCfg = Release|Any CPU
		{1758DA1A-984C-4D5C-9701-FF5932F64F49}.Release|iPhoneSimulator.Build.0 = Release|Any CPU
		{1758DA1A-984C-4D5C-9701-FF5932F64F49}.Release|x86.ActiveCfg = Release|Any CPU
		{1758DA1A-984C-4D5C-9701-FF5932F64F49}.Release|x86.Build.0 = Release|Any CPU
		{BBB62B95-F1E7-4BFC-A728-E00460B4F666}.Ad-Hoc|Any CPU.ActiveCfg = Ad-Hoc|iPhone
		{BBB62B95-F1E7-4BFC-A728-E00460B4F666}.Ad-Hoc|ARM.ActiveCfg = Ad-Hoc|iPhone
		{BBB62B95-F1E7-4BFC-A728-E00460B4F666}.Ad-Hoc|iPhone.ActiveCfg = Ad-Hoc|iPhone
		{BBB62B95-F1E7-4BFC-A728-E00460B4F666}.Ad-Hoc|iPhone.Build.0 = Ad-Hoc|iPhone
		{BBB62B95-F1E7-4BFC-A728-E00460B4F666}.Ad-Hoc|iPhoneSimulator.ActiveCfg = Ad-Hoc|iPhoneSimulator
		{BBB62B95-F1E7-4BFC-A728-E00460B4F666}.Ad-Hoc|iPhoneSimulator.Build.0 = Ad-Hoc|iPhoneSimulator
		{BBB62B95-F1E7-4BFC-A728-E00460B4F666}.Ad-Hoc|x86.ActiveCfg = Ad-Hoc|iPhone
		{BBB62B95-F1E7-4BFC-A728-E00460B4F666}.AppStore|Any CPU.ActiveCfg = AppStore|iPhone
		{BBB62B95-F1E7-4BFC-A728-E00460B4F666}.AppStore|ARM.ActiveCfg = AppStore|iPhone
		{BBB62B95-F1E7-4BFC-A728-E00460B4F666}.AppStore|iPhone.ActiveCfg = AppStore|iPhone
		{BBB62B95-F1E7-4BFC-A728-E00460B4F666}.AppStore|iPhone.Build.0 = AppStore|iPhone
		{BBB62B95-F1E7-4BFC-A728-E00460B4F666}.AppStore|iPhoneSimulator.ActiveCfg = AppStore|iPhoneSimulator
		{BBB62B95-F1E7-4BFC-A728-E00460B4F666}.AppStore|iPhoneSimulator.Build.0 = AppStore|iPhoneSimulator
		{BBB62B95-F1E7-4BFC-A728-E00460B4F666}.AppStore|x86.ActiveCfg = AppStore|iPhone
		{BBB62B95-F1E7-4BFC-A728-E00460B4F666}.Debug|Any CPU.ActiveCfg = Debug|iPhone
		{BBB62B95-F1E7-4BFC-A728-E00460B4F666}.Debug|ARM.ActiveCfg = Debug|iPhone
		{BBB62B95-F1E7-4BFC-A728-E00460B4F666}.Debug|iPhone.ActiveCfg = Debug|iPhone
		{BBB62B95-F1E7-4BFC-A728-E00460B4F666}.Debug|iPhone.Build.0 = Debug|iPhone
		{BBB62B95-F1E7-4BFC-A728-E00460B4F666}.Debug|iPhoneSimulator.ActiveCfg = Debug|iPhoneSimulator
		{BBB62B95-F1E7-4BFC-A728-E00460B4F666}.Debug|iPhoneSimulator.Build.0 = Debug|iPhoneSimulator
		{BBB62B95-F1E7-4BFC-A728-E00460B4F666}.Debug|x86.ActiveCfg = Debug|iPhone
		{BBB62B95-F1E7-4BFC-A728-E00460B4F666}.Release|Any CPU.ActiveCfg = Release|iPhone
		{BBB62B95-F1E7-4BFC-A728-E00460B4F666}.Release|ARM.ActiveCfg = Release|iPhone
		{BBB62B95-F1E7-4BFC-A728-E00460B4F666}.Release|iPhone.ActiveCfg = Release|iPhone
		{BBB62B95-F1E7-4BFC-A728-E00460B4F666}.Release|iPhone.Build.0 = Release|iPhone
		{BBB62B95-F1E7-4BFC-A728-E00460B4F666}.Release|iPhoneSimulator.ActiveCfg = Release|iPhoneSimulator
		{BBB62B95-F1E7-4BFC-A728-E00460B4F666}.Release|iPhoneSimulator.Build.0 = Release|iPhoneSimulator
		{BBB62B95-F1E7-4BFC-A728-E00460B4F666}.Release|x86.ActiveCfg = Release|iPhone
		{76492BCB-3BD8-4FB2-B5E5-78271600C97E}.Ad-Hoc|Any CPU.ActiveCfg = Release|Any CPU
		{76492BCB-3BD8-4FB2-B5E5-78271600C97E}.Ad-Hoc|Any CPU.Build.0 = Release|Any CPU
		{76492BCB-3BD8-4FB2-B5E5-78271600C97E}.Ad-Hoc|Any CPU.Deploy.0 = Release|Any CPU
		{76492BCB-3BD8-4FB2-B5E5-78271600C97E}.Ad-Hoc|ARM.ActiveCfg = Release|Any CPU
		{76492BCB-3BD8-4FB2-B5E5-78271600C97E}.Ad-Hoc|ARM.Build.0 = Release|Any CPU
		{76492BCB-3BD8-4FB2-B5E5-78271600C97E}.Ad-Hoc|ARM.Deploy.0 = Release|Any CPU
		{76492BCB-3BD8-4FB2-B5E5-78271600C97E}.Ad-Hoc|iPhone.ActiveCfg = Release|Any CPU
		{76492BCB-3BD8-4FB2-B5E5-78271600C97E}.Ad-Hoc|iPhone.Build.0 = Release|Any CPU
		{76492BCB-3BD8-4FB2-B5E5-78271600C97E}.Ad-Hoc|iPhone.Deploy.0 = Release|Any CPU
		{76492BCB-3BD8-4FB2-B5E5-78271600C97E}.Ad-Hoc|iPhoneSimulator.ActiveCfg = Release|Any CPU
		{76492BCB-3BD8-4FB2-B5E5-78271600C97E}.Ad-Hoc|iPhoneSimulator.Build.0 = Release|Any CPU
		{76492BCB-3BD8-4FB2-B5E5-78271600C97E}.Ad-Hoc|iPhoneSimulator.Deploy.0 = Release|Any CPU
		{76492BCB-3BD8-4FB2-B5E5-78271600C97E}.Ad-Hoc|x86.ActiveCfg = Release|Any CPU
		{76492BCB-3BD8-4FB2-B5E5-78271600C97E}.Ad-Hoc|x86.Build.0 = Release|Any CPU
		{76492BCB-3BD8-4FB2-B5E5-78271600C97E}.Ad-Hoc|x86.Deploy.0 = Release|Any CPU
		{76492BCB-3BD8-4FB2-B5E5-78271600C97E}.AppStore|Any CPU.ActiveCfg = Release|Any CPU
		{76492BCB-3BD8-4FB2-B5E5-78271600C97E}.AppStore|Any CPU.Build.0 = Release|Any CPU
		{76492BCB-3BD8-4FB2-B5E5-78271600C97E}.AppStore|Any CPU.Deploy.0 = Release|Any CPU
		{76492BCB-3BD8-4FB2-B5E5-78271600C97E}.AppStore|ARM.ActiveCfg = Release|Any CPU
		{76492BCB-3BD8-4FB2-B5E5-78271600C97E}.AppStore|ARM.Build.0 = Release|Any CPU
		{76492BCB-3BD8-4FB2-B5E5-78271600C97E}.AppStore|ARM.Deploy.0 = Release|Any CPU
		{76492BCB-3BD8-4FB2-B5E5-78271600C97E}.AppStore|iPhone.ActiveCfg = Release|Any CPU
		{76492BCB-3BD8-4FB2-B5E5-78271600C97E}.AppStore|iPhone.Build.0 = Release|Any CPU
		{76492BCB-3BD8-4FB2-B5E5-78271600C97E}.AppStore|iPhone.Deploy.0 = Release|Any CPU
		{76492BCB-3BD8-4FB2-B5E5-78271600C97E}.AppStore|iPhoneSimulator.ActiveCfg = Release|Any CPU
		{76492BCB-3BD8-4FB2-B5E5-78271600C97E}.AppStore|iPhoneSimulator.Build.0 = Release|Any CPU
		{76492BCB-3BD8-4FB2-B5E5-78271600C97E}.AppStore|iPhoneSimulator.Deploy.0 = Release|Any CPU
		{76492BCB-3BD8-4FB2-B5E5-78271600C97E}.AppStore|x86.ActiveCfg = Release|Any CPU
		{76492BCB-3BD8-4FB2-B5E5-78271600C97E}.AppStore|x86.Build.0 = Release|Any CPU
		{76492BCB-3BD8-4FB2-B5E5-78271600C97E}.AppStore|x86.Deploy.0 = Release|Any CPU
		{76492BCB-3BD8-4FB2-B5E5-78271600C97E}.Debug|Any CPU.ActiveCfg = Debug|Any CPU
		{76492BCB-3BD8-4FB2-B5E5-78271600C97E}.Debug|Any CPU.Build.0 = Debug|Any CPU
		{76492BCB-3BD8-4FB2-B5E5-78271600C97E}.Debug|Any CPU.Deploy.0 = Debug|Any CPU
		{76492BCB-3BD8-4FB2-B5E5-78271600C97E}.Debug|ARM.ActiveCfg = Debug|Any CPU
		{76492BCB-3BD8-4FB2-B5E5-78271600C97E}.Debug|ARM.Build.0 = Debug|Any CPU
		{76492BCB-3BD8-4FB2-B5E5-78271600C97E}.Debug|ARM.Deploy.0 = Debug|Any CPU
		{76492BCB-3BD8-4FB2-B5E5-78271600C97E}.Debug|iPhone.ActiveCfg = Debug|Any CPU
		{76492BCB-3BD8-4FB2-B5E5-78271600C97E}.Debug|iPhone.Build.0 = Debug|Any CPU
		{76492BCB-3BD8-4FB2-B5E5-78271600C97E}.Debug|iPhone.Deploy.0 = Debug|Any CPU
		{76492BCB-3BD8-4FB2-B5E5-78271600C97E}.Debug|iPhoneSimulator.ActiveCfg = Debug|Any CPU
		{76492BCB-3BD8-4FB2-B5E5-78271600C97E}.Debug|iPhoneSimulator.Build.0 = Debug|Any CPU
		{76492BCB-3BD8-4FB2-B5E5-78271600C97E}.Debug|iPhoneSimulator.Deploy.0 = Debug|Any CPU
		{76492BCB-3BD8-4FB2-B5E5-78271600C97E}.Debug|x86.ActiveCfg = Debug|Any CPU
		{76492BCB-3BD8-4FB2-B5E5-78271600C97E}.Debug|x86.Build.0 = Debug|Any CPU
		{76492BCB-3BD8-4FB2-B5E5-78271600C97E}.Debug|x86.Deploy.0 = Debug|Any CPU
		{76492BCB-3BD8-4FB2-B5E5-78271600C97E}.Release|Any CPU.ActiveCfg = Release|Any CPU
		{76492BCB-3BD8-4FB2-B5E5-78271600C97E}.Release|Any CPU.Build.0 = Release|Any CPU
		{76492BCB-3BD8-4FB2-B5E5-78271600C97E}.Release|Any CPU.Deploy.0 = Release|Any CPU
		{76492BCB-3BD8-4FB2-B5E5-78271600C97E}.Release|ARM.ActiveCfg = Release|Any CPU
		{76492BCB-3BD8-4FB2-B5E5-78271600C97E}.Release|ARM.Build.0 = Release|Any CPU
		{76492BCB-3BD8-4FB2-B5E5-78271600C97E}.Release|ARM.Deploy.0 = Release|Any CPU
		{76492BCB-3BD8-4FB2-B5E5-78271600C97E}.Release|iPhone.ActiveCfg = Release|Any CPU
		{76492BCB-3BD8-4FB2-B5E5-78271600C97E}.Release|iPhone.Build.0 = Release|Any CPU
		{76492BCB-3BD8-4FB2-B5E5-78271600C97E}.Release|iPhone.Deploy.0 = Release|Any CPU
		{76492BCB-3BD8-4FB2-B5E5-78271600C97E}.Release|iPhoneSimulator.ActiveCfg = Release|Any CPU
		{76492BCB-3BD8-4FB2-B5E5-78271600C97E}.Release|iPhoneSimulator.Build.0 = Release|Any CPU
		{76492BCB-3BD8-4FB2-B5E5-78271600C97E}.Release|iPhoneSimulator.Deploy.0 = Release|Any CPU
		{76492BCB-3BD8-4FB2-B5E5-78271600C97E}.Release|x86.ActiveCfg = Release|Any CPU
		{76492BCB-3BD8-4FB2-B5E5-78271600C97E}.Release|x86.Build.0 = Release|Any CPU
		{76492BCB-3BD8-4FB2-B5E5-78271600C97E}.Release|x86.Deploy.0 = Release|Any CPU
		{5FF40BC1-01ED-4A59-9D70-2A8737EC1D1C}.Ad-Hoc|Any CPU.ActiveCfg = Release|Any CPU
		{5FF40BC1-01ED-4A59-9D70-2A8737EC1D1C}.Ad-Hoc|Any CPU.Build.0 = Release|Any CPU
		{5FF40BC1-01ED-4A59-9D70-2A8737EC1D1C}.Ad-Hoc|Any CPU.Deploy.0 = Release|Any CPU
		{5FF40BC1-01ED-4A59-9D70-2A8737EC1D1C}.Ad-Hoc|ARM.ActiveCfg = Release|ARM
		{5FF40BC1-01ED-4A59-9D70-2A8737EC1D1C}.Ad-Hoc|ARM.Build.0 = Release|ARM
		{5FF40BC1-01ED-4A59-9D70-2A8737EC1D1C}.Ad-Hoc|ARM.Deploy.0 = Release|ARM
		{5FF40BC1-01ED-4A59-9D70-2A8737EC1D1C}.Ad-Hoc|iPhone.ActiveCfg = Release|Any CPU
		{5FF40BC1-01ED-4A59-9D70-2A8737EC1D1C}.Ad-Hoc|iPhone.Build.0 = Release|Any CPU
		{5FF40BC1-01ED-4A59-9D70-2A8737EC1D1C}.Ad-Hoc|iPhone.Deploy.0 = Release|Any CPU
		{5FF40BC1-01ED-4A59-9D70-2A8737EC1D1C}.Ad-Hoc|iPhoneSimulator.ActiveCfg = Release|Any CPU
		{5FF40BC1-01ED-4A59-9D70-2A8737EC1D1C}.Ad-Hoc|iPhoneSimulator.Build.0 = Release|Any CPU
		{5FF40BC1-01ED-4A59-9D70-2A8737EC1D1C}.Ad-Hoc|iPhoneSimulator.Deploy.0 = Release|Any CPU
		{5FF40BC1-01ED-4A59-9D70-2A8737EC1D1C}.Ad-Hoc|x86.ActiveCfg = Release|x86
		{5FF40BC1-01ED-4A59-9D70-2A8737EC1D1C}.Ad-Hoc|x86.Build.0 = Release|x86
		{5FF40BC1-01ED-4A59-9D70-2A8737EC1D1C}.Ad-Hoc|x86.Deploy.0 = Release|x86
		{5FF40BC1-01ED-4A59-9D70-2A8737EC1D1C}.AppStore|Any CPU.ActiveCfg = Release|Any CPU
		{5FF40BC1-01ED-4A59-9D70-2A8737EC1D1C}.AppStore|Any CPU.Build.0 = Release|Any CPU
		{5FF40BC1-01ED-4A59-9D70-2A8737EC1D1C}.AppStore|Any CPU.Deploy.0 = Release|Any CPU
		{5FF40BC1-01ED-4A59-9D70-2A8737EC1D1C}.AppStore|ARM.ActiveCfg = Release|ARM
		{5FF40BC1-01ED-4A59-9D70-2A8737EC1D1C}.AppStore|ARM.Build.0 = Release|ARM
		{5FF40BC1-01ED-4A59-9D70-2A8737EC1D1C}.AppStore|ARM.Deploy.0 = Release|ARM
		{5FF40BC1-01ED-4A59-9D70-2A8737EC1D1C}.AppStore|iPhone.ActiveCfg = Release|Any CPU
		{5FF40BC1-01ED-4A59-9D70-2A8737EC1D1C}.AppStore|iPhone.Build.0 = Release|Any CPU
		{5FF40BC1-01ED-4A59-9D70-2A8737EC1D1C}.AppStore|iPhone.Deploy.0 = Release|Any CPU
		{5FF40BC1-01ED-4A59-9D70-2A8737EC1D1C}.AppStore|iPhoneSimulator.ActiveCfg = Release|Any CPU
		{5FF40BC1-01ED-4A59-9D70-2A8737EC1D1C}.AppStore|iPhoneSimulator.Build.0 = Release|Any CPU
		{5FF40BC1-01ED-4A59-9D70-2A8737EC1D1C}.AppStore|iPhoneSimulator.Deploy.0 = Release|Any CPU
		{5FF40BC1-01ED-4A59-9D70-2A8737EC1D1C}.AppStore|x86.ActiveCfg = Release|x86
		{5FF40BC1-01ED-4A59-9D70-2A8737EC1D1C}.AppStore|x86.Build.0 = Release|x86
		{5FF40BC1-01ED-4A59-9D70-2A8737EC1D1C}.AppStore|x86.Deploy.0 = Release|x86
		{5FF40BC1-01ED-4A59-9D70-2A8737EC1D1C}.Debug|Any CPU.ActiveCfg = Debug|Any CPU
		{5FF40BC1-01ED-4A59-9D70-2A8737EC1D1C}.Debug|Any CPU.Build.0 = Debug|Any CPU
		{5FF40BC1-01ED-4A59-9D70-2A8737EC1D1C}.Debug|Any CPU.Deploy.0 = Debug|Any CPU
		{5FF40BC1-01ED-4A59-9D70-2A8737EC1D1C}.Debug|ARM.ActiveCfg = Debug|ARM
		{5FF40BC1-01ED-4A59-9D70-2A8737EC1D1C}.Debug|ARM.Build.0 = Debug|ARM
		{5FF40BC1-01ED-4A59-9D70-2A8737EC1D1C}.Debug|ARM.Deploy.0 = Debug|ARM
		{5FF40BC1-01ED-4A59-9D70-2A8737EC1D1C}.Debug|iPhone.ActiveCfg = Debug|Any CPU
		{5FF40BC1-01ED-4A59-9D70-2A8737EC1D1C}.Debug|iPhone.Build.0 = Debug|Any CPU
		{5FF40BC1-01ED-4A59-9D70-2A8737EC1D1C}.Debug|iPhone.Deploy.0 = Debug|Any CPU
		{5FF40BC1-01ED-4A59-9D70-2A8737EC1D1C}.Debug|iPhoneSimulator.ActiveCfg = Debug|Any CPU
		{5FF40BC1-01ED-4A59-9D70-2A8737EC1D1C}.Debug|iPhoneSimulator.Build.0 = Debug|Any CPU
		{5FF40BC1-01ED-4A59-9D70-2A8737EC1D1C}.Debug|iPhoneSimulator.Deploy.0 = Debug|Any CPU
		{5FF40BC1-01ED-4A59-9D70-2A8737EC1D1C}.Debug|x86.ActiveCfg = Debug|x86
		{5FF40BC1-01ED-4A59-9D70-2A8737EC1D1C}.Debug|x86.Build.0 = Debug|x86
		{5FF40BC1-01ED-4A59-9D70-2A8737EC1D1C}.Debug|x86.Deploy.0 = Debug|x86
		{5FF40BC1-01ED-4A59-9D70-2A8737EC1D1C}.Release|Any CPU.ActiveCfg = Release|Any CPU
		{5FF40BC1-01ED-4A59-9D70-2A8737EC1D1C}.Release|Any CPU.Build.0 = Release|Any CPU
		{5FF40BC1-01ED-4A59-9D70-2A8737EC1D1C}.Release|Any CPU.Deploy.0 = Release|Any CPU
		{5FF40BC1-01ED-4A59-9D70-2A8737EC1D1C}.Release|ARM.ActiveCfg = Release|ARM
		{5FF40BC1-01ED-4A59-9D70-2A8737EC1D1C}.Release|ARM.Build.0 = Release|ARM
		{5FF40BC1-01ED-4A59-9D70-2A8737EC1D1C}.Release|ARM.Deploy.0 = Release|ARM
		{5FF40BC1-01ED-4A59-9D70-2A8737EC1D1C}.Release|iPhone.ActiveCfg = Release|Any CPU
		{5FF40BC1-01ED-4A59-9D70-2A8737EC1D1C}.Release|iPhone.Build.0 = Release|Any CPU
		{5FF40BC1-01ED-4A59-9D70-2A8737EC1D1C}.Release|iPhone.Deploy.0 = Release|Any CPU
		{5FF40BC1-01ED-4A59-9D70-2A8737EC1D1C}.Release|iPhoneSimulator.ActiveCfg = Release|Any CPU
		{5FF40BC1-01ED-4A59-9D70-2A8737EC1D1C}.Release|iPhoneSimulator.Build.0 = Release|Any CPU
		{5FF40BC1-01ED-4A59-9D70-2A8737EC1D1C}.Release|iPhoneSimulator.Deploy.0 = Release|Any CPU
		{5FF40BC1-01ED-4A59-9D70-2A8737EC1D1C}.Release|x86.ActiveCfg = Release|x86
		{5FF40BC1-01ED-4A59-9D70-2A8737EC1D1C}.Release|x86.Build.0 = Release|x86
		{5FF40BC1-01ED-4A59-9D70-2A8737EC1D1C}.Release|x86.Deploy.0 = Release|x86
	EndGlobalSection
	GlobalSection(SolutionProperties) = preSolution
		HideSolutionNode = FALSE
	EndGlobalSection
EndGlobal
